
Microsoft Visual Studio Solution File, Format Version 12.00
# Visual Studio 15
VisualStudioVersion = 15.0.26124.0
MinimumVisualStudioVersion = 15.0.26124.0
Project("{FAE04EC0-301F-11D3-BF4B-00C04F79EFBC}") = "Hub", "Hub\Hub.csproj", "{B205F2A7-BCFE-4E5B-9BDB-124C3EEC1D29}"
EndProject
Project("{FAE04EC0-301F-11D3-BF4B-00C04F79EFBC}") = "Server", "Server\Server.csproj", "{48C0B445-BC11-4344-957F-5B9B3A59CC86}"
EndProject
Project("{FAE04EC0-301F-11D3-BF4B-00C04F79EFBC}") = "Shared", "Shared\Shared.csproj", "{E048A8B2-101C-4C5F-9D26-EC106102FB81}"
EndProject
Project("{FAE04EC0-301F-11D3-BF4B-00C04F79EFBC}") = "EmpoweredSignalR", "EmpoweredSignalR\EmpoweredSignalR.csproj", "{80AD21A9-36FB-4369-B12D-D882D8678152}"
EndProject
Global
	GlobalSection(SolutionConfigurationPlatforms) = preSolution
		Debug|Any CPU = Debug|Any CPU
		Debug|x64 = Debug|x64
		Debug|x86 = Debug|x86
		Release|Any CPU = Release|Any CPU
		Release|x64 = Release|x64
		Release|x86 = Release|x86
	EndGlobalSection
	GlobalSection(SolutionProperties) = preSolution
		HideSolutionNode = FALSE
	EndGlobalSection
	GlobalSection(ProjectConfigurationPlatforms) = postSolution
		{B205F2A7-BCFE-4E5B-9BDB-124C3EEC1D29}.Debug|Any CPU.ActiveCfg = Debug|Any CPU
		{B205F2A7-BCFE-4E5B-9BDB-124C3EEC1D29}.Debug|Any CPU.Build.0 = Debug|Any CPU
		{B205F2A7-BCFE-4E5B-9BDB-124C3EEC1D29}.Debug|x64.ActiveCfg = Debug|Any CPU
		{B205F2A7-BCFE-4E5B-9BDB-124C3EEC1D29}.Debug|x64.Build.0 = Debug|Any CPU
		{B205F2A7-BCFE-4E5B-9BDB-124C3EEC1D29}.Debug|x86.ActiveCfg = Debug|Any CPU
		{B205F2A7-BCFE-4E5B-9BDB-124C3EEC1D29}.Debug|x86.Build.0 = Debug|Any CPU
		{B205F2A7-BCFE-4E5B-9BDB-124C3EEC1D29}.Release|Any CPU.ActiveCfg = Release|Any CPU
		{B205F2A7-BCFE-4E5B-9BDB-124C3EEC1D29}.Release|Any CPU.Build.0 = Release|Any CPU
		{B205F2A7-BCFE-4E5B-9BDB-124C3EEC1D29}.Release|x64.ActiveCfg = Release|Any CPU
		{B205F2A7-BCFE-4E5B-9BDB-124C3EEC1D29}.Release|x64.Build.0 = Release|Any CPU
		{B205F2A7-BCFE-4E5B-9BDB-124C3EEC1D29}.Release|x86.ActiveCfg = Release|Any CPU
		{B205F2A7-BCFE-4E5B-9BDB-124C3EEC1D29}.Release|x86.Build.0 = Release|Any CPU
		{48C0B445-BC11-4344-957F-5B9B3A59CC86}.Debug|Any CPU.ActiveCfg = Debug|Any CPU
		{48C0B445-BC11-4344-957F-5B9B3A59CC86}.Debug|Any CPU.Build.0 = Debug|Any CPU
		{48C0B445-BC11-4344-957F-5B9B3A59CC86}.Debug|x64.ActiveCfg = Debug|Any CPU
		{48C0B445-BC11-4344-957F-5B9B3A59CC86}.Debug|x64.Build.0 = Debug|Any CPU
		{48C0B445-BC11-4344-957F-5B9B3A59CC86}.Debug|x86.ActiveCfg = Debug|Any CPU
		{48C0B445-BC11-4344-957F-5B9B3A59CC86}.Debug|x86.Build.0 = Debug|Any CPU
		{48C0B445-BC11-4344-957F-5B9B3A59CC86}.Release|Any CPU.ActiveCfg = Release|Any CPU
		{48C0B445-BC11-4344-957F-5B9B3A59CC86}.Release|Any CPU.Build.0 = Release|Any CPU
		{48C0B445-BC11-4344-957F-5B9B3A59CC86}.Release|x64.ActiveCfg = Release|Any CPU
		{48C0B445-BC11-4344-957F-5B9B3A59CC86}.Release|x64.Build.0 = Release|Any CPU
		{48C0B445-BC11-4344-957F-5B9B3A59CC86}.Release|x86.ActiveCfg = Release|Any CPU
		{48C0B445-BC11-4344-957F-5B9B3A59CC86}.Release|x86.Build.0 = Release|Any CPU
		{E048A8B2-101C-4C5F-9D26-EC106102FB81}.Debug|Any CPU.ActiveCfg = Debug|Any CPU
		{E048A8B2-101C-4C5F-9D26-EC106102FB81}.Debug|Any CPU.Build.0 = Debug|Any CPU
		{E048A8B2-101C-4C5F-9D26-EC106102FB81}.Debug|x64.ActiveCfg = Debug|Any CPU
		{E048A8B2-101C-4C5F-9D26-EC106102FB81}.Debug|x64.Build.0 = Debug|Any CPU
		{E048A8B2-101C-4C5F-9D26-EC106102FB81}.Debug|x86.ActiveCfg = Debug|Any CPU
		{E048A8B2-101C-4C5F-9D26-EC106102FB81}.Debug|x86.Build.0 = Debug|Any CPU
		{E048A8B2-101C-4C5F-9D26-EC106102FB81}.Release|Any CPU.ActiveCfg = Release|Any CPU
		{E048A8B2-101C-4C5F-9D26-EC106102FB81}.Release|Any CPU.Build.0 = Release|Any CPU
		{E048A8B2-101C-4C5F-9D26-EC106102FB81}.Release|x64.ActiveCfg = Release|Any CPU
		{E048A8B2-101C-4C5F-9D26-EC106102FB81}.Release|x64.Build.0 = Release|Any CPU
		{E048A8B2-101C-4C5F-9D26-EC106102FB81}.Release|x86.ActiveCfg = Release|Any CPU
		{E048A8B2-101C-4C5F-9D26-EC106102FB81}.Release|x86.Build.0 = Release|Any CPU
		{80AD21A9-36FB-4369-B12D-D882D8678152}.Debug|Any CPU.ActiveCfg = Debug|Any CPU
		{80AD21A9-36FB-4369-B12D-D882D8678152}.Debug|Any CPU.Build.0 = Debug|Any CPU
		{80AD21A9-36FB-4369-B12D-D882D8678152}.Debug|x64.ActiveCfg = Debug|Any CPU
		{80AD21A9-36FB-4369-B12D-D882D8678152}.Debug|x64.Build.0 = Debug|Any CPU
		{80AD21A9-36FB-4369-B12D-D882D8678152}.Debug|x86.ActiveCfg = Debug|Any CPU
		{80AD21A9-36FB-4369-B12D-D882D8678152}.Debug|x86.Build.0 = Debug|Any CPU
		{80AD21A9-36FB-4369-B12D-D882D8678152}.Release|Any CPU.ActiveCfg = Release|Any CPU
		{80AD21A9-36FB-4369-B12D-D882D8678152}.Release|Any CPU.Build.0 = Release|Any CPU
		{80AD21A9-36FB-4369-B12D-D882D8678152}.Release|x64.ActiveCfg = Release|Any CPU
		{80AD21A9-36FB-4369-B12D-D882D8678152}.Release|x64.Build.0 = Release|Any CPU
		{80AD21A9-36FB-4369-B12D-D882D8678152}.Release|x86.ActiveCfg = Release|Any CPU
		{80AD21A9-36FB-4369-B12D-D882D8678152}.Release|x86.Build.0 = Release|Any CPU
	EndGlobalSection
EndGlobal
