
Microsoft Visual Studio Solution File, Format Version 12.00
# Visual Studio Version 16
VisualStudioVersion = 16.0.31515.178
MinimumVisualStudioVersion = 15.0.26124.0
Project("{9A19103F-16F7-4668-BE54-9A1E7A4F7556}") = "Hub", "Hub\Hub.csproj", "{B205F2A7-BCFE-4E5B-9BDB-124C3EEC1D29}"
EndProject
Project("{9A19103F-16F7-4668-BE54-9A1E7A4F7556}") = "Server", "Server\Server.csproj", "{48C0B445-BC11-4344-957F-5B9B3A59CC86}"
EndProject
Project("{9A19103F-16F7-4668-BE54-9A1E7A4F7556}") = "Shared", "Shared\Shared.csproj", "{E048A8B2-101C-4C5F-9D26-EC106102FB81}"
EndProject
Project("{9A19103F-16F7-4668-BE54-9A1E7A4F7556}") = "EmpoweredSignalR", "EmpoweredSignalR\EmpoweredSignalR.csproj", "{80AD21A9-36FB-4369-B12D-D882D8678152}"
EndProject
Project("{9A19103F-16F7-4668-BE54-9A1E7A4F7556}") = "EmpoweredSignalR.Tests", "EmpoweredSignalR.Tests\EmpoweredSignalR.Tests.csproj", "{802206CB-1259-481C-83F2-CFBBE5F70DBC}"
EndProject
Project("{9A19103F-16F7-4668-BE54-9A1E7A4F7556}") = "DataPoller", "..\data-poller\DataPoller.csproj", "{D135CFE8-6641-412A-8843-B2689747F338}"
EndProject
Global
	GlobalSection(SolutionConfigurationPlatforms) = preSolution
		Debug|Any CPU = Debug|Any CPU
		Debug|x64 = Debug|x64
		Debug|x86 = Debug|x86
		Release|Any CPU = Release|Any CPU
		Release|x64 = Release|x64
		Release|x86 = Release|x86
	EndGlobalSection
	GlobalSection(ProjectConfigurationPlatforms) = postSolution
		{B205F2A7-BCFE-4E5B-9BDB-124C3EEC1D29}.Debug|Any CPU.ActiveCfg = Debug|Any CPU
		{B205F2A7-BCFE-4E5B-9BDB-124C3EEC1D29}.Debug|Any CPU.Build.0 = Debug|Any CPU
		{B205F2A7-BCFE-4E5B-9BDB-124C3EEC1D29}.Debug|x64.ActiveCfg = Debug|Any CPU
		{B205F2A7-BCFE-4E5B-9BDB-124C3EEC1D29}.Debug|x64.Build.0 = Debug|Any CPU
		{B205F2A7-BCFE-4E5B-9BDB-124C3EEC1D29}.Debug|x86.ActiveCfg = Debug|Any CPU
		{B205F2A7-BCFE-4E5B-9BDB-124C3EEC1D29}.Debug|x86.Build.0 = Debug|Any CPU
		{B205F2A7-BCFE-4E5B-9BDB-124C3EEC1D29}.Release|Any CPU.ActiveCfg = Release|Any CPU
		{B205F2A7-BCFE-4E5B-9BDB-124C3EEC1D29}.Release|Any CPU.Build.0 = Release|Any CPU
		{B205F2A7-BCFE-4E5B-9BDB-124C3EEC1D29}.Release|x64.ActiveCfg = Release|Any CPU
		{B205F2A7-BCFE-4E5B-9BDB-124C3EEC1D29}.Release|x64.Build.0 = Release|Any CPU
		{B205F2A7-BCFE-4E5B-9BDB-124C3EEC1D29}.Release|x86.ActiveCfg = Release|Any CPU
		{B205F2A7-BCFE-4E5B-9BDB-124C3EEC1D29}.Release|x86.Build.0 = Release|Any CPU
		{48C0B445-BC11-4344-957F-5B9B3A59CC86}.Debug|Any CPU.ActiveCfg = Debug|Any CPU
		{48C0B445-BC11-4344-957F-5B9B3A59CC86}.Debug|Any CPU.Build.0 = Debug|Any CPU
		{48C0B445-BC11-4344-957F-5B9B3A59CC86}.Debug|x64.ActiveCfg = Debug|Any CPU
		{48C0B445-BC11-4344-957F-5B9B3A59CC86}.Debug|x64.Build.0 = Debug|Any CPU
		{48C0B445-BC11-4344-957F-5B9B3A59CC86}.Debug|x86.ActiveCfg = Debug|Any CPU
		{48C0B445-BC11-4344-957F-5B9B3A59CC86}.Debug|x86.Build.0 = Debug|Any CPU
		{48C0B445-BC11-4344-957F-5B9B3A59CC86}.Release|Any CPU.ActiveCfg = Release|Any CPU
		{48C0B445-BC11-4344-957F-5B9B3A59CC86}.Release|Any CPU.Build.0 = Release|Any CPU
		{48C0B445-BC11-4344-957F-5B9B3A59CC86}.Release|x64.ActiveCfg = Release|Any CPU
		{48C0B445-BC11-4344-957F-5B9B3A59CC86}.Release|x64.Build.0 = Release|Any CPU
		{48C0B445-BC11-4344-957F-5B9B3A59CC86}.Release|x86.ActiveCfg = Release|Any CPU
		{48C0B445-BC11-4344-957F-5B9B3A59CC86}.Release|x86.Build.0 = Release|Any CPU
		{E048A8B2-101C-4C5F-9D26-EC106102FB81}.Debug|Any CPU.ActiveCfg = Debug|Any CPU
		{E048A8B2-101C-4C5F-9D26-EC106102FB81}.Debug|Any CPU.Build.0 = Debug|Any CPU
		{E048A8B2-101C-4C5F-9D26-EC106102FB81}.Debug|x64.ActiveCfg = Debug|Any CPU
		{E048A8B2-101C-4C5F-9D26-EC106102FB81}.Debug|x64.Build.0 = Debug|Any CPU
		{E048A8B2-101C-4C5F-9D26-EC106102FB81}.Debug|x86.ActiveCfg = Debug|Any CPU
		{E048A8B2-101C-4C5F-9D26-EC106102FB81}.Debug|x86.Build.0 = Debug|Any CPU
		{E048A8B2-101C-4C5F-9D26-EC106102FB81}.Release|Any CPU.ActiveCfg = Release|Any CPU
		{E048A8B2-101C-4C5F-9D26-EC106102FB81}.Release|Any CPU.Build.0 = Release|Any CPU
		{E048A8B2-101C-4C5F-9D26-EC106102FB81}.Release|x64.ActiveCfg = Release|Any CPU
		{E048A8B2-101C-4C5F-9D26-EC106102FB81}.Release|x64.Build.0 = Release|Any CPU
		{E048A8B2-101C-4C5F-9D26-EC106102FB81}.Release|x86.ActiveCfg = Release|Any CPU
		{E048A8B2-101C-4C5F-9D26-EC106102FB81}.Release|x86.Build.0 = Release|Any CPU
		{80AD21A9-36FB-4369-B12D-D882D8678152}.Debug|Any CPU.ActiveCfg = Debug|Any CPU
		{80AD21A9-36FB-4369-B12D-D882D8678152}.Debug|Any CPU.Build.0 = Debug|Any CPU
		{80AD21A9-36FB-4369-B12D-D882D8678152}.Debug|x64.ActiveCfg = Debug|Any CPU
		{80AD21A9-36FB-4369-B12D-D882D8678152}.Debug|x64.Build.0 = Debug|Any CPU
		{80AD21A9-36FB-4369-B12D-D882D8678152}.Debug|x86.ActiveCfg = Debug|Any CPU
		{80AD21A9-36FB-4369-B12D-D882D8678152}.Debug|x86.Build.0 = Debug|Any CPU
		{80AD21A9-36FB-4369-B12D-D882D8678152}.Release|Any CPU.ActiveCfg = Release|Any CPU
		{80AD21A9-36FB-4369-B12D-D882D8678152}.Release|Any CPU.Build.0 = Release|Any CPU
		{80AD21A9-36FB-4369-B12D-D882D8678152}.Release|x64.ActiveCfg = Release|Any CPU
		{80AD21A9-36FB-4369-B12D-D882D8678152}.Release|x64.Build.0 = Release|Any CPU
		{80AD21A9-36FB-4369-B12D-D882D8678152}.Release|x86.ActiveCfg = Release|Any CPU
		{80AD21A9-36FB-4369-B12D-D882D8678152}.Release|x86.Build.0 = Release|Any CPU
		{802206CB-1259-481C-83F2-CFBBE5F70DBC}.Debug|Any CPU.ActiveCfg = Debug|Any CPU
		{802206CB-1259-481C-83F2-CFBBE5F70DBC}.Debug|Any CPU.Build.0 = Debug|Any CPU
		{802206CB-1259-481C-83F2-CFBBE5F70DBC}.Debug|x64.ActiveCfg = Debug|Any CPU
		{802206CB-1259-481C-83F2-CFBBE5F70DBC}.Debug|x64.Build.0 = Debug|Any CPU
		{802206CB-1259-481C-83F2-CFBBE5F70DBC}.Debug|x86.ActiveCfg = Debug|Any CPU
		{802206CB-1259-481C-83F2-CFBBE5F70DBC}.Debug|x86.Build.0 = Debug|Any CPU
		{802206CB-1259-481C-83F2-CFBBE5F70DBC}.Release|Any CPU.ActiveCfg = Release|Any CPU
		{802206CB-1259-481C-83F2-CFBBE5F70DBC}.Release|Any CPU.Build.0 = Release|Any CPU
		{802206CB-1259-481C-83F2-CFBBE5F70DBC}.Release|x64.ActiveCfg = Release|Any CPU
		{802206CB-1259-481C-83F2-CFBBE5F70DBC}.Release|x64.Build.0 = Release|Any CPU
		{802206CB-1259-481C-83F2-CFBBE5F70DBC}.Release|x86.ActiveCfg = Release|Any CPU
		{802206CB-1259-481C-83F2-CFBBE5F70DBC}.Release|x86.Build.0 = Release|Any CPU
		{D135CFE8-6641-412A-8843-B2689747F338}.Debug|Any CPU.ActiveCfg = Debug|Any CPU
		{D135CFE8-6641-412A-8843-B2689747F338}.Debug|Any CPU.Build.0 = Debug|Any CPU
		{D135CFE8-6641-412A-8843-B2689747F338}.Debug|x64.ActiveCfg = Debug|Any CPU
		{D135CFE8-6641-412A-8843-B2689747F338}.Debug|x64.Build.0 = Debug|Any CPU
		{D135CFE8-6641-412A-8843-B2689747F338}.Debug|x86.ActiveCfg = Debug|Any CPU
		{D135CFE8-6641-412A-8843-B2689747F338}.Debug|x86.Build.0 = Debug|Any CPU
		{D135CFE8-6641-412A-8843-B2689747F338}.Release|Any CPU.ActiveCfg = Release|Any CPU
		{D135CFE8-6641-412A-8843-B2689747F338}.Release|Any CPU.Build.0 = Release|Any CPU
		{D135CFE8-6641-412A-8843-B2689747F338}.Release|x64.ActiveCfg = Release|Any CPU
		{D135CFE8-6641-412A-8843-B2689747F338}.Release|x64.Build.0 = Release|Any CPU
		{D135CFE8-6641-412A-8843-B2689747F338}.Release|x86.ActiveCfg = Release|Any CPU
		{D135CFE8-6641-412A-8843-B2689747F338}.Release|x86.Build.0 = Release|Any CPU
	EndGlobalSection
	GlobalSection(SolutionProperties) = preSolution
		HideSolutionNode = FALSE
	EndGlobalSection
	GlobalSection(ExtensibilityGlobals) = postSolution
		SolutionGuid = {F1A3B3AB-20B6-44D7-8733-E26A455DED83}
	EndGlobalSection
EndGlobal
